
Microsoft Visual Studio Solution File, Format Version 12.00
# Visual Studio 15
VisualStudioVersion = 15.0.28307.852
MinimumVisualStudioVersion = 10.0.40219.1
Project("{FAE04EC0-301F-11D3-BF4B-00C04F79EFBC}") = "RobotControl", "RobotControl\RobotControl.csproj", "{BA32FB93-2185-468C-9EC1-A8BBF8717155}"
EndProject
Global
	GlobalSection(SolutionConfigurationPlatforms) = preSolution
		Debug|Any CPU = Debug|Any CPU
		Release|Any CPU = Release|Any CPU
	EndGlobalSection
	GlobalSection(ProjectConfigurationPlatforms) = postSolution
		{BA32FB93-2185-468C-9EC1-A8BBF8717155}.Debug|Any CPU.ActiveCfg = Debug|Any CPU
		{BA32FB93-2185-468C-9EC1-A8BBF8717155}.Debug|Any CPU.Build.0 = Debug|Any CPU
		{BA32FB93-2185-468C-9EC1-A8BBF8717155}.Release|Any CPU.ActiveCfg = Release|Any CPU
		{BA32FB93-2185-468C-9EC1-A8BBF8717155}.Release|Any CPU.Build.0 = Release|Any CPU
	EndGlobalSection
	GlobalSection(SolutionProperties) = preSolution
		HideSolutionNode = FALSE
	EndGlobalSection
	GlobalSection(ExtensibilityGlobals) = postSolution
		SolutionGuid = {5775DC57-B456-402F-86A7-24E825CE59FD}
	EndGlobalSection
EndGlobal
